
Microsoft Visual Studio Solution File, Format Version 12.00
# Visual Studio 14
VisualStudioVersion = 14.0.25420.1
MinimumVisualStudioVersion = 10.0.40219.1
Project("{FAE04EC0-301F-11D3-BF4B-00C04F79EFBC}") = "VehicleDatabase.MVC", "VehicleDatabase.MVC\VehicleDatabase.MVC.csproj", "{F5C4BFC1-31E2-4226-87B1-849C9F0254C2}"
EndProject
Project("{FAE04EC0-301F-11D3-BF4B-00C04F79EFBC}") = "VehicleDatabase.Service", "VehicleDatabase.Service\VehicleDatabase.Service.csproj", "{E15A7444-237A-4405-A1D6-CA2FD9A7BCE4}"
EndProject
Global
	GlobalSection(SolutionConfigurationPlatforms) = preSolution
		Debug|Any CPU = Debug|Any CPU
		Release|Any CPU = Release|Any CPU
	EndGlobalSection
	GlobalSection(ProjectConfigurationPlatforms) = postSolution
		{F5C4BFC1-31E2-4226-87B1-849C9F0254C2}.Debug|Any CPU.ActiveCfg = Debug|Any CPU
		{F5C4BFC1-31E2-4226-87B1-849C9F0254C2}.Debug|Any CPU.Build.0 = Debug|Any CPU
		{F5C4BFC1-31E2-4226-87B1-849C9F0254C2}.Release|Any CPU.ActiveCfg = Release|Any CPU
		{F5C4BFC1-31E2-4226-87B1-849C9F0254C2}.Release|Any CPU.Build.0 = Release|Any CPU
		{E15A7444-237A-4405-A1D6-CA2FD9A7BCE4}.Debug|Any CPU.ActiveCfg = Debug|Any CPU
		{E15A7444-237A-4405-A1D6-CA2FD9A7BCE4}.Debug|Any CPU.Build.0 = Debug|Any CPU
		{E15A7444-237A-4405-A1D6-CA2FD9A7BCE4}.Release|Any CPU.ActiveCfg = Release|Any CPU
		{E15A7444-237A-4405-A1D6-CA2FD9A7BCE4}.Release|Any CPU.Build.0 = Release|Any CPU
	EndGlobalSection
	GlobalSection(SolutionProperties) = preSolution
		HideSolutionNode = FALSE
	EndGlobalSection
EndGlobal
